# release-lock: flow-knowledge-2026-09-12.1
release: flow-knowledge-2026-09-12.1
baseline: obsidian-2026-09-12T15:46+08:00
assets: 31

- id: FIN-DUPONT-001
  type: knowledge-card
  version: "1.0"
  path: docs/knowledge-base/20_knowledge_cards/finance/FIN-DUPONT-001--杜邦分解--v1.0.md
  sha256: 70cf69c4a263690c4b7558ebe46dcfc59195dc9041d73a2b57f4c26136c532e7
- id: FIN-EBITDA-001
  type: knowledge-card
  version: "1.0"
  path: docs/knowledge-base/20_knowledge_cards/finance/FIN-EBITDA-001--EBIT-EBITDA与三种利润口径--v1.0.md
  sha256: 4b9c9d500d4fa9cb6e73d953ad2625a7b96dc6e6974a1ab2d5523a3435faa5b3
- id: FIN-MARGIN-001
  type: knowledge-card
  version: "1.0"
  path: docs/knowledge-base/20_knowledge_cards/finance/FIN-MARGIN-001--毛利率与净利率结构差异--v1.0.md
  sha256: 0c0f6c9ca7836d9e5a6f89fa293ed62abaf90ce7023816f87c5ab95c5cf13668
- id: FIN-QUAL-001
  type: knowledge-card
  version: "1.0"
  path: docs/knowledge-base/20_knowledge_cards/finance/FIN-QUAL-001--净现比与盈利质量--v1.0.md
  sha256: 2c759d4095d805f80b62a3d45d63f3dd81063b6ec768265540b1d38ad033af34
- id: FIN-RECV-001
  type: knowledge-card
  version: "1.0"
  path: docs/knowledge-base/20_knowledge_cards/finance/FIN-RECV-001--DSO与应收质量--v1.0.md
  sha256: b4b47af82792755851f22f58a548abf08bcc99988e539169f57b27ade7c081a0
- id: FIN-STAT-001
  type: knowledge-card
  version: "1.0"
  path: docs/knowledge-base/20_knowledge_cards/finance/FIN-STAT-001--三大报表勾稽--v1.0.md
  sha256: 8a049fd6202ab197be2f8ca97a0d146774519b7d2cccf44587da88bfa2b42559
- id: FLOW-ASSET-COVERAGE
  type: coverage
  version: "1.0"
  path: docs/knowledge-base/00_governance/releases/flow-knowledge-2026-09-12.1/coverage.tsv
  sha256: 8d2ca3f8169dcd201f8c90d1b380d88101595073d46097bb894e9571c3437c45
- id: FLOW-ASSET-SOURCE-REGISTER
  type: source-register
  version: "1.0"
  path: docs/knowledge-base/10_sources/source-register.tsv
  sha256: 8d2ca3f8169dcd201f8c90d1b380d88101595073d46097bb894e9571c3437c45
- id: FLOW-PMAP-001
  type: product-mapping
  version: "1.0"
  path: docs/knowledge-base/50_product_mappings/FLOW-PRODUCT-MAPPING--v1.0.md
  sha256: 4666243e7af893feec890f24d28c4ea8d9271f3cc752f56f40f6f1998e267434
- id: FLOW-TAXONOMY-001
  type: taxonomy
  version: "1.0"
  path: docs/knowledge-base/20_knowledge_cards/TAXONOMY--v1.0.yaml
  sha256: 6e821d89874ccc9f619d928ea9604725771ab97d7e5cf51ddf1e50a50ae1c2d8
- id: GOV-AUTH-001
  type: knowledge-card
  version: "1.0"
  path: docs/knowledge-base/20_knowledge_cards/governance/GOV-AUTH-001--内部数据授权边界--v1.0.md
  sha256: be4df4e9380be70f75a36a8ed7d5dc6bcbd64dc08557fec61c9f4038fd25ffee
- id: GOV-METRIC-001
  type: knowledge-card
  version: "1.0"
  path: docs/knowledge-base/20_knowledge_cards/governance/GOV-METRIC-001--指标全要素配置--v1.0.md
  sha256: 98bff392c3a8b9399c3afb9850b4e76f86a435a4dc3c8482e49e976cac5b363a
- id: HANDBOOK-BUDGET-AND-FORECAST-001
  type: domain-handbook
  version: "1.0"
  path: docs/knowledge-base/30_domain_handbooks/budget_and_forecast/README--v1.0.md
  sha256: ca82325404e2aff89eae2589dcbd4f57b1692bd5b0f7ac2ca38d529de8108d17
- id: HANDBOOK-CASH-AND-WORKING-CAPITAL-001
  type: domain-handbook
  version: "1.0"
  path: docs/knowledge-base/30_domain_handbooks/cash_and_working_capital/README--v1.0.md
  sha256: 4a845dce1604acbedb11a951309933de7dc27401bdfa7d5c86d956a20d09749f
- id: HANDBOOK-COST-AND-EXPENSE-001
  type: domain-handbook
  version: "1.0"
  path: docs/knowledge-base/30_domain_handbooks/cost_and_expense/README--v1.0.md
  sha256: 82123af602568aefadf79963df2aecb138ea70143e4ec88cb47f9c0bcb98fe25
- id: HANDBOOK-FINANCE-AI-GOVERNANCE-001
  type: domain-handbook
  version: "1.0"
  path: docs/knowledge-base/30_domain_handbooks/finance_ai_governance/README--v1.0.md
  sha256: c868214a1550537b393069034a32a2997622ac9a7d905a71d52a0913053501dd
- id: HANDBOOK-FINANCE-STATEMENTS-001
  type: domain-handbook
  version: "1.0"
  path: docs/knowledge-base/30_domain_handbooks/finance_statements/README--v1.0.md
  sha256: 2edc55de44418fb3e74764a11b01dce8f79b781b22359ed77d246e5b835524b3
- id: HANDBOOK-FINANCIAL-ANALYSIS-001
  type: domain-handbook
  version: "1.0"
  path: docs/knowledge-base/30_domain_handbooks/financial_analysis/README--v1.0.md
  sha256: fa50c128b73b9b4bae27308f689309617436716beba4a05712a799f7c28d77fb
- id: HANDBOOK-LOGISTICS-AND-SUPPLY-CHAIN-001
  type: domain-handbook
  version: "1.0"
  path: docs/knowledge-base/30_domain_handbooks/logistics_and_supply_chain/README--v1.0.md
  sha256: bf0e15a05b52c5f841d6d3622d8f26f1dc8dcd0bbf4fb9a6c22f626291bd3fba
- id: HANDBOOK-MANAGEMENT-REPORTING-001
  type: domain-handbook
  version: "1.0"
  path: docs/knowledge-base/30_domain_handbooks/management_reporting/README--v1.0.md
  sha256: a4203f81a5b7eeadc566911fa606206db967a93515ae8f20636af4a09dfb7432
- id: HANDBOOK-OPERATIONAL-EFFICIENCY-001
  type: domain-handbook
  version: "1.0"
  path: docs/knowledge-base/30_domain_handbooks/operational_efficiency/README--v1.0.md
  sha256: a91a5e6ff2dc6bdab2473a9e7a6967f58c20429b435124ef5ef42092177b5223
- id: HANDBOOK-PROFITABILITY-001
  type: domain-handbook
  version: "1.0"
  path: docs/knowledge-base/30_domain_handbooks/profitability/README--v1.0.md
  sha256: ace8b24161011617a94c4a2a1b87adcb76121bac3aaa4b49b4df4914b11defc2
- id: HANDBOOK-REVENUE-AND-GROWTH-001
  type: domain-handbook
  version: "1.0"
  path: docs/knowledge-base/30_domain_handbooks/revenue_and_growth/README--v1.0.md
  sha256: 064268da0177bc47a8ffce2d93bc4378abe2499947bc55ac802e7a2ec0b457cf
- id: METHOD-QA-001
  type: knowledge-card
  version: "1.0"
  path: docs/knowledge-base/20_knowledge_cards/methods/METHOD-QA-001--四问闭环--v1.0.md
  sha256: d701bacc09c1430043c931149da5e0c14721eb015c88890ed2d3a004833981e4
- id: METHOD-REPORT-001
  type: knowledge-card
  version: "1.0"
  path: docs/knowledge-base/20_knowledge_cards/methods/METHOD-REPORT-001--月报四象限与报告四列表--v1.0.md
  sha256: 0abdc431545196268b88606832a1c65b7ff4772cc04344ad71d48831b2332a0a
- id: OPS-CFO-001
  type: knowledge-card
  version: "1.0"
  path: docs/knowledge-base/20_knowledge_cards/operations/OPS-CFO-001--红黄绿灯指标治理--v1.0.md
  sha256: 5cae6a533cd0978a20e2aba39093ab4d7896d6339b742b5b6b74a436681baca1
- id: OPS-CPP-001
  type: knowledge-card
  version: "1.0"
  path: docs/knowledge-base/20_knowledge_cards/operations/OPS-CPP-001--ABC包裹级成本分摊与T+1损益--v1.0.md
  sha256: 6b0c30d828e27ff27469c8da31b1f257a67b3a88ac5abeeb8dffc41fc274e91b
- id: OPS-LOGI-001
  type: knowledge-card
  version: "1.0"
  path: docs/knowledge-base/20_knowledge_cards/operations/OPS-LOGI-001--物流成本科目体系--v1.0.md
  sha256: eea3531a0d6933df9013cc6f7353b1c0416bfc723a39abf39fcf6dc4d51e607e
- id: OPS-MASTER-001
  type: knowledge-card
  version: "1.0"
  path: docs/knowledge-base/20_knowledge_cards/operations/OPS-MASTER-001--L1-L4利润中心与主数据--v1.0.md
  sha256: afae40b7390b66e4b9894d5727d43fac09f7d1307704bc0355e29032a47ba8a3
- id: OPS-PROFIT-001
  type: knowledge-card
  version: "1.0"
  path: docs/knowledge-base/20_knowledge_cards/operations/OPS-PROFIT-001--单票利润拆解--v1.0.md
  sha256: c09d1c18555258e92887882dc7e6500056b6517616558421ac8b75d81b1e0046
- id: TECH-COPILOT-001
  type: knowledge-card
  version: "1.0"
  path: docs/knowledge-base/20_knowledge_cards/technology/TECH-COPILOT-001--Copilot回答约束与推断分离--v1.0.md
  sha256: 25c5dd9952939b0f9caa36c49e2b05e7c0927ee7d3d39e7bbf73c0a9f59cb166
