# release-lock: flow-knowledge-2026-09-12.1
release: flow-knowledge-2026-09-12.1
baseline: obsidian-2026-09-12T15:46+08:00
assets: 31

- id: FIN-DUPONT-001
  type: knowledge-card
  version: "1.0"
  path: docs/knowledge-base/20_knowledge_cards/finance/FIN-DUPONT-001--杜邦分解--v1.0.md
  sha256: 2320eaa7e5d854bdac5ccebab82afad7bf4fb9040d28a692622507777c981d88
- id: FIN-EBITDA-001
  type: knowledge-card
  version: "1.0"
  path: docs/knowledge-base/20_knowledge_cards/finance/FIN-EBITDA-001--EBIT-EBITDA与三种利润口径--v1.0.md
  sha256: 26a0a64f0a2f0eeb6087a2042db08e401d8fde2866e6254f0ea007096adc7571
- id: FIN-MARGIN-001
  type: knowledge-card
  version: "1.0"
  path: docs/knowledge-base/20_knowledge_cards/finance/FIN-MARGIN-001--毛利率与净利率结构差异--v1.0.md
  sha256: c2d15784f644f184d965fd6081786512a8a9c325af88038cdfbe7f4176609801
- id: FIN-QUAL-001
  type: knowledge-card
  version: "1.0"
  path: docs/knowledge-base/20_knowledge_cards/finance/FIN-QUAL-001--净现比与盈利质量--v1.0.md
  sha256: ba8b9881821b09da570188eb82caa22a7cffcf9d4eb62fa08354b9173532396d
- id: FIN-RECV-001
  type: knowledge-card
  version: "1.0"
  path: docs/knowledge-base/20_knowledge_cards/finance/FIN-RECV-001--DSO与应收质量--v1.0.md
  sha256: 12ff1fa507a651853b3c1f17a636fe8fc9c7289d250ff3453a931f5d2885fe04
- id: FIN-STAT-001
  type: knowledge-card
  version: "1.0"
  path: docs/knowledge-base/20_knowledge_cards/finance/FIN-STAT-001--三大报表勾稽--v1.0.md
  sha256: 73ce278c9e3a1230de9bc077798ecdf566c0814a0d35db2072843113c0fc02fb
- id: FLOW-ASSET-COVERAGE
  type: coverage
  version: "1.0"
  path: docs/knowledge-base/00_governance/releases/flow-knowledge-2026-09-12.1/coverage.tsv
  sha256: 8d2ca3f8169dcd201f8c90d1b380d88101595073d46097bb894e9571c3437c45
- id: FLOW-ASSET-SOURCE-REGISTER
  type: source-register
  version: "1.0"
  path: docs/knowledge-base/10_sources/source-register.tsv
  sha256: 8d2ca3f8169dcd201f8c90d1b380d88101595073d46097bb894e9571c3437c45
- id: FLOW-PMAP-001
  type: product-mapping
  version: "1.0"
  path: docs/knowledge-base/50_product_mappings/FLOW-PRODUCT-MAPPING--v1.0.md
  sha256: 7930355eecb2e9a338a2327e44c293b89c7b45138ff6515965a24784ccea9765
- id: FLOW-TAXONOMY-001
  type: taxonomy
  version: "1.0"
  path: docs/knowledge-base/20_knowledge_cards/TAXONOMY--v1.0.yaml
  sha256: 6e821d89874ccc9f619d928ea9604725771ab97d7e5cf51ddf1e50a50ae1c2d8
- id: GOV-AUTH-001
  type: knowledge-card
  version: "1.0"
  path: docs/knowledge-base/20_knowledge_cards/governance/GOV-AUTH-001--内部数据授权边界--v1.0.md
  sha256: a999dd153952fdaa51f33d44dd7ce518f9a43336733befd3171a68a2bde0df8e
- id: GOV-METRIC-001
  type: knowledge-card
  version: "1.0"
  path: docs/knowledge-base/20_knowledge_cards/governance/GOV-METRIC-001--指标全要素配置--v1.0.md
  sha256: 8c8e187549d8b453520164f619a67a315c8c76f421f7c2dff4ac8482c00e1e1a
- id: HANDBOOK-BUDGET-AND-FORECAST-001
  type: domain-handbook
  version: "1.0"
  path: docs/knowledge-base/30_domain_handbooks/budget_and_forecast/README--v1.0.md
  sha256: 847a4370110517b074172f8cb5d7e5c800a78393291b5f87e1c14d1a9fff75dc
- id: HANDBOOK-CASH-AND-WORKING-CAPITAL-001
  type: domain-handbook
  version: "1.0"
  path: docs/knowledge-base/30_domain_handbooks/cash_and_working_capital/README--v1.0.md
  sha256: 793a4aa3db02deaf3318711b7a85dc2a30d0772dcaea7221421bc3c5c3dba833
- id: HANDBOOK-COST-AND-EXPENSE-001
  type: domain-handbook
  version: "1.0"
  path: docs/knowledge-base/30_domain_handbooks/cost_and_expense/README--v1.0.md
  sha256: 579f83a398a9b79f28f49e865580e111015aa9c027d5b92230a7178aac82f498
- id: HANDBOOK-FINANCE-AI-GOVERNANCE-001
  type: domain-handbook
  version: "1.0"
  path: docs/knowledge-base/30_domain_handbooks/finance_ai_governance/README--v1.0.md
  sha256: 00c39c32785617bcb24365745f7646712d7b2c861d0499c26d08a5d3599a7e3a
- id: HANDBOOK-FINANCE-STATEMENTS-001
  type: domain-handbook
  version: "1.0"
  path: docs/knowledge-base/30_domain_handbooks/finance_statements/README--v1.0.md
  sha256: 73c7d41b1c1cfc0672c652637b9ad50f381eba791d956618bbbd7a2ba9da8e40
- id: HANDBOOK-FINANCIAL-ANALYSIS-001
  type: domain-handbook
  version: "1.0"
  path: docs/knowledge-base/30_domain_handbooks/financial_analysis/README--v1.0.md
  sha256: 26670a531be450433241b04910c3723dc7ba7832c1ca62f1343721124186721c
- id: HANDBOOK-LOGISTICS-AND-SUPPLY-CHAIN-001
  type: domain-handbook
  version: "1.0"
  path: docs/knowledge-base/30_domain_handbooks/logistics_and_supply_chain/README--v1.0.md
  sha256: d6a29bcd1ca0a0bafb70f2035f5f75ce75bd1fef2392ede708a759ca3b3b11a9
- id: HANDBOOK-MANAGEMENT-REPORTING-001
  type: domain-handbook
  version: "1.0"
  path: docs/knowledge-base/30_domain_handbooks/management_reporting/README--v1.0.md
  sha256: ff6cde431cdec72f13aa1162e91ce57dfd7e3457b9067277dd789f3a732274f6
- id: HANDBOOK-OPERATIONAL-EFFICIENCY-001
  type: domain-handbook
  version: "1.0"
  path: docs/knowledge-base/30_domain_handbooks/operational_efficiency/README--v1.0.md
  sha256: 9471f4aec3e56cd78c21a34eae0fcb99878b9d375f6b23a29ebb89caf1df72d8
- id: HANDBOOK-PROFITABILITY-001
  type: domain-handbook
  version: "1.0"
  path: docs/knowledge-base/30_domain_handbooks/profitability/README--v1.0.md
  sha256: e1a160b9326c0bcc318816d23e0dcfd279e931ae3378170785253bc1871b129f
- id: HANDBOOK-REVENUE-AND-GROWTH-001
  type: domain-handbook
  version: "1.0"
  path: docs/knowledge-base/30_domain_handbooks/revenue_and_growth/README--v1.0.md
  sha256: 61c7b22e7543f0757fe9dc4fc6a5fcdf8f801da30f9f20eb013492952897c298
- id: METHOD-QA-001
  type: knowledge-card
  version: "1.0"
  path: docs/knowledge-base/20_knowledge_cards/methods/METHOD-QA-001--四问闭环--v1.0.md
  sha256: 869331014297d9908519437c24c8378b4075f501daa453dbfa32f7c106ad8274
- id: METHOD-REPORT-001
  type: knowledge-card
  version: "1.0"
  path: docs/knowledge-base/20_knowledge_cards/methods/METHOD-REPORT-001--月报四象限与报告四列表--v1.0.md
  sha256: 483a754badca05a256a63ece4e3d2e3c6efb4ff258daa4babe254eba675205dd
- id: OPS-CFO-001
  type: knowledge-card
  version: "1.0"
  path: docs/knowledge-base/20_knowledge_cards/operations/OPS-CFO-001--红黄绿灯指标治理--v1.0.md
  sha256: 5c6641a322104b297602def9c5183aa0c308d04a0da9835bf7703b4af5866673
- id: OPS-CPP-001
  type: knowledge-card
  version: "1.0"
  path: docs/knowledge-base/20_knowledge_cards/operations/OPS-CPP-001--ABC包裹级成本分摊与T+1损益--v1.0.md
  sha256: a4700a7f508b769552c96f0b53f8e7b851d2cb551599ec0af78b935368832606
- id: OPS-LOGI-001
  type: knowledge-card
  version: "1.0"
  path: docs/knowledge-base/20_knowledge_cards/operations/OPS-LOGI-001--物流成本科目体系--v1.0.md
  sha256: d3eeeba58802f39902e0d0a2122d875fb0bb3d640c2bebe27754b03cef9b3a14
- id: OPS-MASTER-001
  type: knowledge-card
  version: "1.0"
  path: docs/knowledge-base/20_knowledge_cards/operations/OPS-MASTER-001--L1-L4利润中心与主数据--v1.0.md
  sha256: e35607203b2b3f6138bc825a9960a7d53c643c6ccd76b991f8fcf76c0d9ecf9a
- id: OPS-PROFIT-001
  type: knowledge-card
  version: "1.0"
  path: docs/knowledge-base/20_knowledge_cards/operations/OPS-PROFIT-001--单票利润拆解--v1.0.md
  sha256: 39b108cca5b77b6062fb1c574c7c869e2686944d9f8f8b866b5b8de8a0444ff8
- id: TECH-COPILOT-001
  type: knowledge-card
  version: "1.0"
  path: docs/knowledge-base/20_knowledge_cards/technology/TECH-COPILOT-001--Copilot回答约束与推断分离--v1.0.md
  sha256: 9417b8c379af32cf2ac31110c845a582fabb57d5aaa21768787f8181f14a2d8f
